PODS:
  - Capacitor (6.0.0):
    - CapacitorCordova
  - CapacitorClipboard (6.0.2):
    - Capacitor
  - CapacitorCordova (6.0.0)
  - CapacitorHaptics (6.0.2):
    - Capacitor

DEPENDENCIES:
  - "Capacitor (from `../../node_modules/@capacitor/ios`)"
  - "CapacitorClipboard (from `../../node_modules/@capacitor/clipboard`)"
  - "CapacitorCordova (from `../../node_modules/@capacitor/ios`)"
  - "CapacitorHaptics (from `../../node_modules/@capacitor/haptics`)"

EXTERNAL SOURCES:
  Capacitor:
    :path: "../../node_modules/@capacitor/ios"
  CapacitorClipboard:
    :path: "../../node_modules/@capacitor/clipboard"
  CapacitorCordova:
    :path: "../../node_modules/@capacitor/ios"
  CapacitorHaptics:
    :path: "../../node_modules/@capacitor/haptics"

SPEC CHECKSUMS:
  Capacitor: 559d073c4ca6c27f8e7002c807eea94c3ba435a9
  CapacitorClipboard: 55e0a514f1e97b1409d533266c119dcbff3e78c3
  CapacitorCordova: 8c4bfdf69368512e85b1d8b724dd7546abeb30af
  CapacitorHaptics: b53409aaca1203f79c6d0eb3ed5de40556339518

PODFILE CHECKSUM: 76c1648fb6ed5cd9fba3d90514994da94e1cde2d

COCOAPODS: 1.16.2
